// !$*UTF8*$!
{
	archiveVersion = 1;
	classes = {
	};
	objectVersion = 46;
	objects = {

/* Begin PBXBuildFile section */
		04107DB41EC84B070032D683 /* Home.storyboard in Resources */ = {isa = PBXBuildFile; fileRef = 04107DB21EC84B070032D683 /* Home.storyboard */; };
		04107DB71EC84B7D0032D683 /* Live.storyboard in Resources */ = {isa = PBXBuildFile; fileRef = 04107DB51EC84B7D0032D683 /* Live.storyboard */; };
		04107DB91EC84BB70032D683 /* Fellow.storyboard in Resources */ = {isa = PBXBuildFile; fileRef = 04107DB81EC84BB70032D683 /* Fellow.storyboard */; };
		04107DBC1EC84BDA0032D683 /* Profile.storyboard in Resources */ = {isa = PBXBuildFile; fileRef = 04107DBA1EC84BDA0032D683 /* Profile.storyboard */; };
		04107DBE1EC84F8C0032D683 /* MainViewController.swift in Sources */ = {isa = PBXBuildFile; fileRef = 04107DBD1EC84F8C0032D683 /* MainViewController.swift */; };
		04AC0B781EC805090036F9DF /* AppDelegate.swift in Sources */ = {isa = PBXBuildFile; fileRef = 04AC0B771EC805090036F9DF /* AppDelegate.swift */; };
		04AC0B7D1EC805090036F9DF /* Main.storyboard in Resources */ = {isa = PBXBuildFile; fileRef = 04AC0B7B1EC805090036F9DF /* Main.storyboard */; };
		04AC0B7F1EC805090036F9DF /* Assets.xcassets in Resources */ = {isa = PBXBuildFile; fileRef = 04AC0B7E1EC805090036F9DF /* Assets.xcassets */; };
/* End PBXBuildFile section */

/* Begin PBXFileReference section */
		04107DB31EC84B070032D683 /* Base */ = {isa = PBXFileReference; lastKnownFileType = file.storyboard; name = Base; path = DYZB/Base.lproj/Home.storyboard; sourceTree = SOURCE_ROOT; };
		04107DB61EC84B7D0032D683 /* Base */ = {isa = PBXFileReference; lastKnownFileType = file.storyboard; name = Base; path = DYZB/Base.lproj/Live.storyboard; sourceTree = SOURCE_ROOT; };
		04107DB81EC84BB70032D683 /* Fellow.storyboard */ = {isa = PBXFileReference; fileEncoding = 4; lastKnownFileType = file.storyboard; name = Fellow.storyboard; path = ../Main/Fellow.storyboard; sourceTree = "<group>"; };
		04107DBB1EC84BDA0032D683 /* Base */ = {isa = PBXFileReference; lastKnownFileType = file.storyboard; name = Base; path = DYZB/Base.lproj/Profile.storyboard; sourceTree = SOURCE_ROOT; };
		04107DBD1EC84F8C0032D683 /* MainViewController.swift */ = {isa = PBXFileReference; fileEncoding = 4; lastKnownFileType = sourcecode.swift; path = MainViewController.swift; sourceTree = "<group>"; };
		04AC0B741EC805080036F9DF /* DYZB.app */ = {isa = PBXFileReference; explicitFileType = wrapper.application; includeInIndex = 0; path = DYZB.app; sourceTree = BUILT_PRODUCTS_DIR; };
		04AC0B771EC805090036F9DF /* AppDelegate.swift */ = {isa = PBXFileReference; lastKnownFileType = sourcecode.swift; path = AppDelegate.swift; sourceTree = "<group>"; };
		04AC0B7C1EC805090036F9DF /* Base */ = {isa = PBXFileReference; lastKnownFileType = file.storyboard; name = Base; path = Base.lproj/Main.storyboard; sourceTree = "<group>"; };
		04AC0B7E1EC805090036F9DF /* Assets.xcassets */ = {isa = PBXFileReference; lastKnownFileType = folder.assetcatalog; path = Assets.xcassets; sourceTree = "<group>"; };
		04AC0B831EC805090036F9DF /* Info.plist */ = {isa = PBXFileReference; lastKnownFileType = text.plist.xml; path = Info.plist; sourceTree = "<group>"; };
/* End PBXFileReference section */

/* Begin PBXFrameworksBuildPhase section */
		04AC0B711EC805080036F9DF /* Frameworks */ = {
			isa = PBXFrameworksBuildPhase;
			buildActionMask = 2147483647;
			files = (
			);
			runOnlyForDeploymentPostprocessing = 0;
		};
/* End PBXFrameworksBuildPhase section */

/* Begin PBXGroup section */
		04107DAB1EC83E2D0032D683 /* Classes */ = {
			isa = PBXGroup;
			children = (
				04107DAF1EC83E2D0032D683 /* Main */,
				04107DAD1EC83E2D0032D683 /* Home */,
				04107DAE1EC83E2D0032D683 /* Live */,
				04107DAC1EC83E2D0032D683 /* Fellow */,
				04107DB01EC83E2D0032D683 /* Profile */,
				04107DB11EC83E2D0032D683 /* Tools */,
			);
			path = Classes;
			sourceTree = "<group>";
		};
		04107DAC1EC83E2D0032D683 /* Fellow */ = {
			isa = PBXGroup;
			children = (
				04107DB81EC84BB70032D683 /* Fellow.storyboard */,
			);
			path = Fellow;
			sourceTree = "<group>";
		};
		04107DAD1EC83E2D0032D683 /* Home */ = {
			isa = PBXGroup;
			children = (
				04107DB21EC84B070032D683 /* Home.storyboard */,
			);
			path = Home;
			sourceTree = "<group>";
		};
		04107DAE1EC83E2D0032D683 /* Live */ = {
			isa = PBXGroup;
			children = (
				04107DB51EC84B7D0032D683 /* Live.storyboard */,
			);
			path = Live;
			sourceTree = "<group>";
		};
		04107DAF1EC83E2D0032D683 /* Main */ = {
			isa = PBXGroup;
			children = (
				04AC0B7B1EC805090036F9DF /* Main.storyboard */,
				04107DBD1EC84F8C0032D683 /* MainViewController.swift */,
			);
			path = Main;
			sourceTree = "<group>";
		};
		04107DB01EC83E2D0032D683 /* Profile */ = {
			isa = PBXGroup;
			children = (
				04107DBA1EC84BDA0032D683 /* Profile.storyboard */,
			);
			path = Profile;
			sourceTree = "<group>";
		};
		04107DB11EC83E2D0032D683 /* Tools */ = {
			isa = PBXGroup;
			children = (
			);
			path = Tools;
			sourceTree = "<group>";
		};
		04AC0B6B1EC805080036F9DF = {
			isa = PBXGroup;
			children = (
				04AC0B761EC805080036F9DF /* DYZB */,
				04AC0B751EC805080036F9DF /* Products */,
			);
			sourceTree = "<group>";
		};
		04AC0B751EC805080036F9DF /* Products */ = {
			isa = PBXGroup;
			children = (
				04AC0B741EC805080036F9DF /* DYZB.app */,
			);
			name = Products;
			sourceTree = "<group>";
		};
		04AC0B761EC805080036F9DF /* DYZB */ = {
			isa = PBXGroup;
			children = (
				04107DAB1EC83E2D0032D683 /* Classes */,
				04AC0B771EC805090036F9DF /* AppDelegate.swift */,
				04AC0B7E1EC805090036F9DF /* Assets.xcassets */,
				04AC0B831EC805090036F9DF /* Info.plist */,
			);
			path = DYZB;
			sourceTree = "<group>";
		};
/* End PBXGroup section */

/* Begin PBXNativeTarget section */
		04AC0B731EC805080036F9DF /* DYZB */ = {
			isa = PBXNativeTarget;
			buildConfigurationList = 04AC0B861EC805090036F9DF /* Build configuration list for PBXNativeTarget "DYZB" */;
			buildPhases = (
				04AC0B701EC805080036F9DF /* Sources */,
				04AC0B711EC805080036F9DF /* Frameworks */,
				04AC0B721EC805080036F9DF /* Resources */,
			);
			buildRules = (
			);
			dependencies = (
			);
			name = DYZB;
			productName = DYZB;
			productReference = 04AC0B741EC805080036F9DF /* DYZB.app */;
			productType = "com.apple.product-type.application";
		};
/* End PBXNativeTarget section */

/* Begin PBXProject section */
		04AC0B6C1EC805080036F9DF /* Project object */ = {
			isa = PBXProject;
			attributes = {
				LastSwiftUpdateCheck = 0830;
				LastUpgradeCheck = 0830;
				ORGANIZATIONNAME = ZSJ;
				TargetAttributes = {
					04AC0B731EC805080036F9DF = {
						CreatedOnToolsVersion = 8.3.2;
						DevelopmentTeam = N8235HY6K4;
						ProvisioningStyle = Automatic;
					};
				};
			};
			buildConfigurationList = 04AC0B6F1EC805080036F9DF /* Build configuration list for PBXProject "DYZB" */;
			compatibilityVersion = "Xcode 3.2";
			developmentRegion = English;
			hasScannedForEncodings = 0;
			knownRegions = (
				en,
				Base,
			);
			mainGroup = 04AC0B6B1EC805080036F9DF;
			productRefGroup = 04AC0B751EC805080036F9DF /* Products */;
			projectDirPath = "";
			projectRoot = "";
			targets = (
				04AC0B731EC805080036F9DF /* DYZB */,
			);
		};
/* End PBXProject section */

/* Begin PBXResourcesBuildPhase section */
		04AC0B721EC805080036F9DF /* Resources */ = {
			isa = PBXResourcesBuildPhase;
			buildActionMask = 2147483647;
			files = (
				04107DBC1EC84BDA0032D683 /* Profile.storyboard in Resources */,
				04107DB41EC84B070032D683 /* Home.storyboard in Resources */,
				04107DB91EC84BB70032D683 /* Fellow.storyboard in Resources */,
				04AC0B7F1EC805090036F9DF /* Assets.xcassets in Resources */,
				04107DB71EC84B7D0032D683 /* Live.storyboard in Resources */,
				04AC0B7D1EC805090036F9DF /* Main.storyboard in Resources */,
			);
			runOnlyForDeploymentPostprocessing = 0;
		};
/* End PBXResourcesBuildPhase section */

/* Begin PBXSourcesBuildPhase section */
		04AC0B701EC805080036F9DF /* Sources */ = {
			isa = PBXSourcesBuildPhase;
			buildActionMask = 2147483647;
			files = (
				04AC0B781EC805090036F9DF /* AppDelegate.swift in Sources */,
				04107DBE1EC84F8C0032D683 /* MainViewController.swift in Sources */,
			);
			runOnlyForDeploymentPostprocessing = 0;
		};
/* End PBXSourcesBuildPhase section */

/* Begin PBXVariantGroup section */
		04107DB21EC84B070032D683 /* Home.storyboard */ = {
			isa = PBXVariantGroup;
			children = (
				04107DB31EC84B070032D683 /* Base */,
			);
			name = Home.storyboard;
			path = ../Main;
			sourceTree = "<group>";
		};
		04107DB51EC84B7D0032D683 /* Live.storyboard */ = {
			isa = PBXVariantGroup;
			children = (
				04107DB61EC84B7D0032D683 /* Base */,
			);
			name = Live.storyboard;
			path = ../Main;
			sourceTree = "<group>";
		};
		04107DBA1EC84BDA0032D683 /* Profile.storyboard */ = {
			isa = PBXVariantGroup;
			children = (
				04107DBB1EC84BDA0032D683 /* Base */,
			);
			name = Profile.storyboard;
			path = ../Main;
			sourceTree = "<group>";
		};
		04AC0B7B1EC805090036F9DF /* Main.storyboard */ = {
			isa = PBXVariantGroup;
			children = (
				04AC0B7C1EC805090036F9DF /* Base */,
			);
			name = Main.storyboard;
			path = ../..;
			sourceTree = "<group>";
		};
/* End PBXVariantGroup section */

/* Begin XCBuildConfiguration section */
		04AC0B841EC805090036F9DF /* Debug */ = {
			isa = XCBuildConfiguration;
			buildSettings = {
				ALWAYS_SEARCH_USER_PATHS = NO;
				CLANG_ANALYZER_NONNULL = YES;
				CLANG_ANALYZER_NUMBER_OBJECT_CONVERSION = YES_AGGRESSIVE;
				CLANG_CXX_LANGUAGE_STANDARD = "gnu++0x";
				CLANG_CXX_LIBRARY = "libc++";
				CLANG_ENABLE_MODULES = YES;
				CLANG_ENABLE_OBJC_ARC = YES;
				CLANG_WARN_BOOL_CONVERSION = YES;
				CLANG_WARN_CONSTANT_CONVERSION = YES;
				CLANG_WARN_DIRECT_OBJC_ISA_USAGE = YES_ERROR;
				CLANG_WARN_DOCUMENTATION_COMMENTS = YES;
				CLANG_WARN_EMPTY_BODY = YES;
				CLANG_WARN_ENUM_CONVERSION = YES;
				CLANG_WARN_INFINITE_RECURSION = YES;
				CLANG_WARN_INT_CONVERSION = YES;
				CLANG_WARN_OBJC_ROOT_CLASS = YES_ERROR;
				CLANG_WARN_SUSPICIOUS_MOVE = YES;
				CLANG_WARN_UNREACHABLE_CODE = YES;
				CLANG_WARN__DUPLICATE_METHOD_MATCH = YES;
				"CODE_SIGN_IDENTITY[sdk=iphoneos*]" = "iPhone Developer";
				COPY_PHASE_STRIP = NO;
				DEBUG_INFORMATION_FORMAT = dwarf;
				ENABLE_STRICT_OBJC_MSGSEND = YES;
				ENABLE_TESTABILITY = YES;
				GCC_C_LANGUAGE_STANDARD = gnu99;
				GCC_DYNAMIC_NO_PIC = NO;
				GCC_NO_COMMON_BLOCKS = YES;
				GCC_OPTIMIZATION_LEVEL = 0;
				GCC_PREPROCESSOR_DEFINITIONS = (
					"DEBUG=1",
					"$(inherited)",
				);
				GCC_WARN_64_TO_32_BIT_CONVERSION = YES;
				GCC_WARN_ABOUT_RETURN_TYPE = YES_ERROR;
				GCC_WARN_UNDECLARED_SELECTOR = YES;
				GCC_WARN_UNINITIALIZED_AUTOS = YES_AGGRESSIVE;
				GCC_WARN_UNUSED_FUNCTION = YES;
				GCC_WARN_UNUSED_VARIABLE = YES;
				IPHONEOS_DEPLOYMENT_TARGET = 10.3;
				MTL_ENABLE_DEBUG_INFO = YES;
				ONLY_ACTIVE_ARCH = YES;
				SDKROOT = iphoneos;
				SWIFT_ACTIVE_COMPILATION_CONDITIONS = DEBUG;
				SWIFT_OPTIMIZATION_LEVEL = "-Onone";
			};
			name = Debug;
		};
		04AC0B851EC805090036F9DF /* Release */ = {
			isa = XCBuildConfiguration;
			buildSettings = {
				ALWAYS_SEARCH_USER_PATHS = NO;
				CLANG_ANALYZER_NONNULL = YES;
				CLANG_ANALYZER_NUMBER_OBJECT_CONVERSION = YES_AGGRESSIVE;
				CLANG_CXX_LANGUAGE_STANDARD = "gnu++0x";
				CLANG_CXX_LIBRARY = "libc++";
				CLANG_ENABLE_MODULES = YES;
				CLANG_ENABLE_OBJC_ARC = YES;
				CLANG_WARN_BOOL_CONVERSION = YES;
				CLANG_WARN_CONSTANT_CONVERSION = YES;
				CLANG_WARN_DIRECT_OBJC_ISA_USAGE = YES_ERROR;
				CLANG_WARN_DOCUMENTATION_COMMENTS = YES;
				CLANG_WARN_EMPTY_BODY = YES;
				CLANG_WARN_ENUM_CONVERSION = YES;
				CLANG_WARN_INFINITE_RECURSION = YES;
				CLANG_WARN_INT_CONVERSION = YES;
				CLANG_WARN_OBJC_ROOT_CLASS = YES_ERROR;
				CLANG_WARN_SUSPICIOUS_MOVE = YES;
				CLANG_WARN_UNREACHABLE_CODE = YES;
				CLANG_WARN__DUPLICATE_METHOD_MATCH = YES;
				"CODE_SIGN_IDENTITY[sdk=iphoneos*]" = "iPhone Developer";
				COPY_PHASE_STRIP = NO;
				DEBUG_INFORMATION_FORMAT = "dwarf-with-dsym";
				ENABLE_NS_ASSERTIONS = NO;
				ENABLE_STRICT_OBJC_MSGSEND = YES;
				GCC_C_LANGUAGE_STANDARD = gnu99;
				GCC_NO_COMMON_BLOCKS = YES;
				GCC_WARN_64_TO_32_BIT_CONVERSION = YES;
				GCC_WARN_ABOUT_RETURN_TYPE = YES_ERROR;
				GCC_WARN_UNDECLARED_SELECTOR = YES;
				GCC_WARN_UNINITIALIZED_AUTOS = YES_AGGRESSIVE;
				GCC_WARN_UNUSED_FUNCTION = YES;
				GCC_WARN_UNUSED_VARIABLE = YES;
				IPHONEOS_DEPLOYMENT_TARGET = 10.3;
				MTL_ENABLE_DEBUG_INFO = NO;
				SDKROOT = iphoneos;
				SWIFT_OPTIMIZATION_LEVEL = "-Owholemodule";
				VALIDATE_PRODUCT = YES;
			};
			name = Release;
		};
		04AC0B871EC805090036F9DF /* Debug */ = {
			isa = XCBuildConfiguration;
			buildSettings = {
				ASSETCATALOG_COMPILER_APPICON_NAME = AppIcon;
				ASSETCATALOG_COMPILER_LAUNCHIMAGE_NAME = LaunchImage;
				DEVELOPMENT_TEAM = N8235HY6K4;
				INFOPLIST_FILE = DYZB/Info.plist;
				IPHONEOS_DEPLOYMENT_TARGET = 8.0;
				LD_RUNPATH_SEARCH_PATHS = "$(inherited) @executable_path/Frameworks";
				PRODUCT_BUNDLE_IDENTIFIER = com.nickhool.DYZB;
				PRODUCT_NAME = "$(TARGET_NAME)";
				SWIFT_VERSION = 3.0;
			};
			name = Debug;
		};
		04AC0B881EC805090036F9DF /* Release */ = {
			isa = XCBuildConfiguration;
			buildSettings = {
				ASSETCATALOG_COMPILER_APPICON_NAME = AppIcon;
				ASSETCATALOG_COMPILER_LAUNCHIMAGE_NAME = LaunchImage;
				DEVELOPMENT_TEAM = N8235HY6K4;
				INFOPLIST_FILE = DYZB/Info.plist;
				IPHONEOS_DEPLOYMENT_TARGET = 8.0;
				LD_RUNPATH_SEARCH_PATHS = "$(inherited) @executable_path/Frameworks";
				PRODUCT_BUNDLE_IDENTIFIER = com.nickhool.DYZB;
				PRODUCT_NAME = "$(TARGET_NAME)";
				SWIFT_VERSION = 3.0;
			};
			name = Release;
		};
/* End XCBuildConfiguration section */

/* Begin XCConfigurationList section */
		04AC0B6F1EC805080036F9DF /* Build configuration list for PBXProject "DYZB" */ = {
			isa = XCConfigurationList;
			buildConfigurations = (
				04AC0B841EC805090036F9DF /* Debug */,
				04AC0B851EC805090036F9DF /* Release */,
			);
			defaultConfigurationIsVisible = 0;
			defaultConfigurationName = Release;
		};
		04AC0B861EC805090036F9DF /* Build configuration list for PBXNativeTarget "DYZB" */ = {
			isa = XCConfigurationList;
			buildConfigurations = (
				04AC0B871EC805090036F9DF /* Debug */,
				04AC0B881EC805090036F9DF /* Release */,
			);
			defaultConfigurationIsVisible = 0;
			defaultConfigurationName = Release;
		};
/* End XCConfigurationList section */
	};
	rootObject = 04AC0B6C1EC805080036F9DF /* Project object */;
}
